
Microsoft Visual Studio Solution File, Format Version 12.00
# Visual Studio Version 16
VisualStudioVersion = 16.0.31112.23
MinimumVisualStudioVersion = 10.0.40219.1
Project("{FAE04EC0-301F-11D3-BF4B-00C04F79EFBC}") = "WebAppFrame472CSharp", "WebAppFrame472CSharp\WebAppFrame472CSharp.csproj", "{E9E89F0C-F0BF-4DE8-BAF9-3493BD96CEC3}"
EndProject
Global
	GlobalSection(SolutionConfigurationPlatforms) = preSolution
		Debug|Any CPU = Debug|Any CPU
		Release|Any CPU = Release|Any CPU
	EndGlobalSection
	GlobalSection(ProjectConfigurationPlatforms) = postSolution
		{E9E89F0C-F0BF-4DE8-BAF9-3493BD96CEC3}.Debug|Any CPU.ActiveCfg = Debug|Any CPU
		{E9E89F0C-F0BF-4DE8-BAF9-3493BD96CEC3}.Debug|Any CPU.Build.0 = Debug|Any CPU
		{E9E89F0C-F0BF-4DE8-BAF9-3493BD96CEC3}.Release|Any CPU.ActiveCfg = Release|Any CPU
		{E9E89F0C-F0BF-4DE8-BAF9-3493BD96CEC3}.Release|Any CPU.Build.0 = Release|Any CPU
	EndGlobalSection
	GlobalSection(SolutionProperties) = preSolution
		HideSolutionNode = FALSE
	EndGlobalSection
	GlobalSection(ExtensibilityGlobals) = postSolution
		SolutionGuid = {77F6DFF9-183C-459E-8EB6-8C8D74D4C63B}
	EndGlobalSection
EndGlobal
